// !$*UTF8*$!
{
	archiveVersion = 1;
	classes = {
	};
	objectVersion = 46;
	objects = {

/* Begin PBXBuildFile section */
		1FE98D301CB9DE2000110C2A /* main.swift in Sources */ = {isa = PBXBuildFile; fileRef = 1FE98D2F1CB9DE2000110C2A /* main.swift */; };
		1FE98D3B1CB9DF2900110C2A /* girlfriend.swift in Sources */ = {isa = PBXBuildFile; fileRef = 1FE98D3A1CB9DF2900110C2A /* girlfriend.swift */; };
/* End PBXBuildFile section */

/* Begin PBXCopyFilesBuildPhase section */
		1FE98D2A1CB9DE2000110C2A /* CopyFiles */ = {
			isa = PBXCopyFilesBuildPhase;
			buildActionMask = 2147483647;
			dstPath = /usr/share/man/man1/;
			dstSubfolderSpec = 0;
			files = (
			);
			runOnlyForDeploymentPostprocessing = 1;
		};
/* End PBXCopyFilesBuildPhase section */

/* Begin PBXFileReference section */
		1FE98D2C1CB9DE2000110C2A /* 任务三第一次作业100个女朋友 */ = {isa = PBXFileReference; explicitFileType = "compiled.mach-o.executable"; includeInIndex = 0; path = "任务三第一次作业100个女朋友"; sourceTree = BUILT_PRODUCTS_DIR; };
		1FE98D2F1CB9DE2000110C2A /* main.swift */ = {isa = PBXFileReference; lastKnownFileType = sourcecode.swift; path = main.swift; sourceTree = "<group>"; };
		1FE98D3A1CB9DF2900110C2A /* girlfriend.swift */ = {isa = PBXFileReference; fileEncoding = 4; lastKnownFileType = sourcecode.swift; path = girlfriend.swift; sourceTree = "<group>"; };
/* End PBXFileReference section */

/* Begin PBXFrameworksBuildPhase section */
		1FE98D291CB9DE2000110C2A /* Frameworks */ = {
			isa = PBXFrameworksBuildPhase;
			buildActionMask = 2147483647;
			files = (
			);
			runOnlyForDeploymentPostprocessing = 0;
		};
/* End PBXFrameworksBuildPhase section */

/* Begin PBXGroup section */
		1FE98D231CB9DE2000110C2A = {
			isa = PBXGroup;
			children = (
				1FE98D2E1CB9DE2000110C2A /* 任务三第一次作业100个女朋友 */,
				1FE98D2D1CB9DE2000110C2A /* Products */,
			);
			sourceTree = "<group>";
		};
		1FE98D2D1CB9DE2000110C2A /* Products */ = {
			isa = PBXGroup;
			children = (
				1FE98D2C1CB9DE2000110C2A /* 任务三第一次作业100个女朋友 */,
			);
			name = Products;
			sourceTree = "<group>";
		};
		1FE98D2E1CB9DE2000110C2A /* 任务三第一次作业100个女朋友 */ = {
			isa = PBXGroup;
			children = (
				1FE98D2F1CB9DE2000110C2A /* main.swift */,
				1FE98D3A1CB9DF2900110C2A /* girlfriend.swift */,
			);
			path = "任务三第一次作业100个女朋友";
			sourceTree = "<group>";
		};
/* End PBXGroup section */

/* Begin PBXNativeTarget section */
		1FE98D2B1CB9DE2000110C2A /* 任务三第一次作业100个女朋友 */ = {
			isa = PBXNativeTarget;
			buildConfigurationList = 1FE98D331CB9DE2000110C2A /* Build configuration list for PBXNativeTarget "任务三第一次作业100个女朋友" */;
			buildPhases = (
				1FE98D281CB9DE2000110C2A /* Sources */,
				1FE98D291CB9DE2000110C2A /* Frameworks */,
				1FE98D2A1CB9DE2000110C2A /* CopyFiles */,
			);
			buildRules = (
			);
			dependencies = (
			);
			name = "任务三第一次作业100个女朋友";
			productName = "任务三第一次作业100个女朋友";
			productReference = 1FE98D2C1CB9DE2000110C2A /* 任务三第一次作业100个女朋友 */;
			productType = "com.apple.product-type.tool";
		};
/* End PBXNativeTarget section */

/* Begin PBXProject section */
		1FE98D241CB9DE2000110C2A /* Project object */ = {
			isa = PBXProject;
			attributes = {
				LastSwiftUpdateCheck = 0720;
				LastUpgradeCheck = 0720;
				ORGANIZATIONNAME = "张皓";
				TargetAttributes = {
					1FE98D2B1CB9DE2000110C2A = {
						CreatedOnToolsVersion = 7.2;
					};
				};
			};
			buildConfigurationList = 1FE98D271CB9DE2000110C2A /* Build configuration list for PBXProject "任务三第一次作业100个女朋友" */;
			compatibilityVersion = "Xcode 3.2";
			developmentRegion = English;
			hasScannedForEncodings = 0;
			knownRegions = (
				en,
			);
			mainGroup = 1FE98D231CB9DE2000110C2A;
			productRefGroup = 1FE98D2D1CB9DE2000110C2A /* Products */;
			projectDirPath = "";
			projectRoot = "";
			targets = (
				1FE98D2B1CB9DE2000110C2A /* 任务三第一次作业100个女朋友 */,
			);
		};
/* End PBXProject section */

/* Begin PBXSourcesBuildPhase section */
		1FE98D281CB9DE2000110C2A /* Sources */ = {
			isa = PBXSourcesBuildPhase;
			buildActionMask = 2147483647;
			files = (
				1FE98D301CB9DE2000110C2A /* main.swift in Sources */,
				1FE98D3B1CB9DF2900110C2A /* girlfriend.swift in Sources */,
			);
			runOnlyForDeploymentPostprocessing = 0;
		};
/* End PBXSourcesBuildPhase section */

/* Begin XCBuildConfiguration section */
		1FE98D311CB9DE2000110C2A /* Debug */ = {
			isa = XCBuildConfiguration;
			buildSettings = {
				ALWAYS_SEARCH_USER_PATHS = NO;
				CLANG_CXX_LANGUAGE_STANDARD = "gnu++0x";
				CLANG_CXX_LIBRARY = "libc++";
				CLANG_ENABLE_MODULES = YES;
				CLANG_ENABLE_OBJC_ARC = YES;
				CLANG_WARN_BOOL_CONVERSION = YES;
				CLANG_WARN_CONSTANT_CONVERSION = YES;
				CLANG_WARN_DIRECT_OBJC_ISA_USAGE = YES_ERROR;
				CLANG_WARN_EMPTY_BODY = YES;
				CLANG_WARN_ENUM_CONVERSION = YES;
				CLANG_WARN_INT_CONVERSION = YES;
				CLANG_WARN_OBJC_ROOT_CLASS = YES_ERROR;
				CLANG_WARN_UNREACHABLE_CODE = YES;
				CLANG_WARN__DUPLICATE_METHOD_MATCH = YES;
				CODE_SIGN_IDENTITY = "-";
				COPY_PHASE_STRIP = NO;
				DEBUG_INFORMATION_FORMAT = dwarf;
				ENABLE_STRICT_OBJC_MSGSEND = YES;
				ENABLE_TESTABILITY = YES;
				GCC_C_LANGUAGE_STANDARD = gnu99;
				GCC_DYNAMIC_NO_PIC = NO;
				GCC_NO_COMMON_BLOCKS = YES;
				GCC_OPTIMIZATION_LEVEL = 0;
				GCC_PREPROCESSOR_DEFINITIONS = (
					"DEBUG=1",
					"$(inherited)",
				);
				GCC_WARN_64_TO_32_BIT_CONVERSION = YES;
				GCC_WARN_ABOUT_RETURN_TYPE = YES_ERROR;
				GCC_WARN_UNDECLARED_SELECTOR = YES;
				GCC_WARN_UNINITIALIZED_AUTOS = YES_AGGRESSIVE;
				GCC_WARN_UNUSED_FUNCTION = YES;
				GCC_WARN_UNUSED_VARIABLE = YES;
				MACOSX_DEPLOYMENT_TARGET = 10.11;
				MTL_ENABLE_DEBUG_INFO = YES;
				ONLY_ACTIVE_ARCH = YES;
				SDKROOT = macosx;
				SWIFT_OPTIMIZATION_LEVEL = "-Onone";
			};
			name = Debug;
		};
		1FE98D321CB9DE2000110C2A /* Release */ = {
			isa = XCBuildConfiguration;
			buildSettings = {
				ALWAYS_SEARCH_USER_PATHS = NO;
				CLANG_CXX_LANGUAGE_STANDARD = "gnu++0x";
				CLANG_CXX_LIBRARY = "libc++";
				CLANG_ENABLE_MODULES = YES;
				CLANG_ENABLE_OBJC_ARC = YES;
				CLANG_WARN_BOOL_CONVERSION = YES;
				CLANG_WARN_CONSTANT_CONVERSION = YES;
				CLANG_WARN_DIRECT_OBJC_ISA_USAGE = YES_ERROR;
				CLANG_WARN_EMPTY_BODY = YES;
				CLANG_WARN_ENUM_CONVERSION = YES;
				CLANG_WARN_INT_CONVERSION = YES;
				CLANG_WARN_OBJC_ROOT_CLASS = YES_ERROR;
				CLANG_WARN_UNREACHABLE_CODE = YES;
				CLANG_WARN__DUPLICATE_METHOD_MATCH = YES;
				CODE_SIGN_IDENTITY = "-";
				COPY_PHASE_STRIP = NO;
				DEBUG_INFORMATION_FORMAT = "dwarf-with-dsym";
				ENABLE_NS_ASSERTIONS = NO;
				ENABLE_STRICT_OBJC_MSGSEND = YES;
				GCC_C_LANGUAGE_STANDARD = gnu99;
				GCC_NO_COMMON_BLOCKS = YES;
				GCC_WARN_64_TO_32_BIT_CONVERSION = YES;
				GCC_WARN_ABOUT_RETURN_TYPE = YES_ERROR;
				GCC_WARN_UNDECLARED_SELECTOR = YES;
				GCC_WARN_UNINITIALIZED_AUTOS = YES_AGGRESSIVE;
				GCC_WARN_UNUSED_FUNCTION = YES;
				GCC_WARN_UNUSED_VARIABLE = YES;
				MACOSX_DEPLOYMENT_TARGET = 10.11;
				MTL_ENABLE_DEBUG_INFO = NO;
				SDKROOT = macosx;
			};
			name = Release;
		};
		1FE98D341CB9DE2000110C2A /* Debug */ = {
			isa = XCBuildConfiguration;
			buildSettings = {
				PRODUCT_NAME = "$(TARGET_NAME)";
			};
			name = Debug;
		};
		1FE98D351CB9DE2000110C2A /* Release */ = {
			isa = XCBuildConfiguration;
			buildSettings = {
				PRODUCT_NAME = "$(TARGET_NAME)";
			};
			name = Release;
		};
/* End XCBuildConfiguration section */

/* Begin XCConfigurationList section */
		1FE98D271CB9DE2000110C2A /* Build configuration list for PBXProject "任务三第一次作业100个女朋友" */ = {
			isa = XCConfigurationList;
			buildConfigurations = (
				1FE98D311CB9DE2000110C2A /* Debug */,
				1FE98D321CB9DE2000110C2A /* Release */,
			);
			defaultConfigurationIsVisible = 0;
			defaultConfigurationName = Release;
		};
		1FE98D331CB9DE2000110C2A /* Build configuration list for PBXNativeTarget "任务三第一次作业100个女朋友" */ = {
			isa = XCConfigurationList;
			buildConfigurations = (
				1FE98D341CB9DE2000110C2A /* Debug */,
				1FE98D351CB9DE2000110C2A /* Release */,
			);
			defaultConfigurationIsVisible = 0;
		};
/* End XCConfigurationList section */
	};
	rootObject = 1FE98D241CB9DE2000110C2A /* Project object */;
}
