// !$*UTF8*$!
{
	archiveVersion = 1;
	classes = {
	};
	objectVersion = 46;
	objects = {

/* Begin PBXBuildFile section */
		1F903AA71D557A5A0027AF05 /* AppDelegate.swift in Sources */ = {isa = PBXBuildFile; fileRef = 1F903AA61D557A5A0027AF05 /* AppDelegate.swift */; };
		1F903AA91D557A5A0027AF05 /* ViewController.swift in Sources */ = {isa = PBXBuildFile; fileRef = 1F903AA81D557A5A0027AF05 /* ViewController.swift */; };
		1F903AAC1D557A5A0027AF05 /* Main.storyboard in Resources */ = {isa = PBXBuildFile; fileRef = 1F903AAA1D557A5A0027AF05 /* Main.storyboard */; };
		1F903AAE1D557A5A0027AF05 /* Assets.xcassets in Resources */ = {isa = PBXBuildFile; fileRef = 1F903AAD1D557A5A0027AF05 /* Assets.xcassets */; };
		1F903AB11D557A5A0027AF05 /* LaunchScreen.storyboard in Resources */ = {isa = PBXBuildFile; fileRef = 1F903AAF1D557A5A0027AF05 /* LaunchScreen.storyboard */; };
		1F903ABC1D557A5B0027AF05 /* XMLDictionaryTests.swift in Sources */ = {isa = PBXBuildFile; fileRef = 1F903ABB1D557A5B0027AF05 /* XMLDictionaryTests.swift */; };
		1F903AC71D557A5B0027AF05 /* XMLDictionaryUITests.swift in Sources */ = {isa = PBXBuildFile; fileRef = 1F903AC61D557A5B0027AF05 /* XMLDictionaryUITests.swift */; };
		1F903AD51D557A7B0027AF05 /* person.xml in Resources */ = {isa = PBXBuildFile; fileRef = 1F903AD41D557A7B0027AF05 /* person.xml */; };
/* End PBXBuildFile section */

/* Begin PBXContainerItemProxy section */
		1F903AB81D557A5B0027AF05 /* PBXContainerItemProxy */ = {
			isa = PBXContainerItemProxy;
			containerPortal = 1F903A9B1D557A5A0027AF05 /* Project object */;
			proxyType = 1;
			remoteGlobalIDString = 1F903AA21D557A5A0027AF05;
			remoteInfo = XMLDictionary;
		};
		1F903AC31D557A5B0027AF05 /* PBXContainerItemProxy */ = {
			isa = PBXContainerItemProxy;
			containerPortal = 1F903A9B1D557A5A0027AF05 /* Project object */;
			proxyType = 1;
			remoteGlobalIDString = 1F903AA21D557A5A0027AF05;
			remoteInfo = XMLDictionary;
		};
/* End PBXContainerItemProxy section */

/* Begin PBXFileReference section */
		1F903AA31D557A5A0027AF05 /* XMLDictionary.app */ = {isa = PBXFileReference; explicitFileType = wrapper.application; includeInIndex = 0; path = XMLDictionary.app; sourceTree = BUILT_PRODUCTS_DIR; };
		1F903AA61D557A5A0027AF05 /* AppDelegate.swift */ = {isa = PBXFileReference; lastKnownFileType = sourcecode.swift; path = AppDelegate.swift; sourceTree = "<group>"; };
		1F903AA81D557A5A0027AF05 /* ViewController.swift */ = {isa = PBXFileReference; lastKnownFileType = sourcecode.swift; path = ViewController.swift; sourceTree = "<group>"; };
		1F903AAB1D557A5A0027AF05 /* Base */ = {isa = PBXFileReference; lastKnownFileType = file.storyboard; name = Base; path = Base.lproj/Main.storyboard; sourceTree = "<group>"; };
		1F903AAD1D557A5A0027AF05 /* Assets.xcassets */ = {isa = PBXFileReference; lastKnownFileType = folder.assetcatalog; path = Assets.xcassets; sourceTree = "<group>"; };
		1F903AB01D557A5A0027AF05 /* Base */ = {isa = PBXFileReference; lastKnownFileType = file.storyboard; name = Base; path = Base.lproj/LaunchScreen.storyboard; sourceTree = "<group>"; };
		1F903AB21D557A5A0027AF05 /* Info.plist */ = {isa = PBXFileReference; lastKnownFileType = text.plist.xml; path = Info.plist; sourceTree = "<group>"; };
		1F903AB71D557A5B0027AF05 /* XMLDictionaryTests.xctest */ = {isa = PBXFileReference; explicitFileType = wrapper.cfbundle; includeInIndex = 0; path = XMLDictionaryTests.xctest; sourceTree = BUILT_PRODUCTS_DIR; };
		1F903ABB1D557A5B0027AF05 /* XMLDictionaryTests.swift */ = {isa = PBXFileReference; lastKnownFileType = sourcecode.swift; path = XMLDictionaryTests.swift; sourceTree = "<group>"; };
		1F903ABD1D557A5B0027AF05 /* Info.plist */ = {isa = PBXFileReference; lastKnownFileType = text.plist.xml; path = Info.plist; sourceTree = "<group>"; };
		1F903AC21D557A5B0027AF05 /* XMLDictionaryUITests.xctest */ = {isa = PBXFileReference; explicitFileType = wrapper.cfbundle; includeInIndex = 0; path = XMLDictionaryUITests.xctest; sourceTree = BUILT_PRODUCTS_DIR; };
		1F903AC61D557A5B0027AF05 /* XMLDictionaryUITests.swift */ = {isa = PBXFileReference; lastKnownFileType = sourcecode.swift; path = XMLDictionaryUITests.swift; sourceTree = "<group>"; };
		1F903AC81D557A5B0027AF05 /* Info.plist */ = {isa = PBXFileReference; lastKnownFileType = text.plist.xml; path = Info.plist; sourceTree = "<group>"; };
		1F903AD41D557A7B0027AF05 /* person.xml */ = {isa = PBXFileReference; fileEncoding = 4; lastKnownFileType = text.xml; path = person.xml; sourceTree = "<group>"; };
/* End PBXFileReference section */

/* Begin PBXFrameworksBuildPhase section */
		1F903AA01D557A5A0027AF05 /* Frameworks */ = {
			isa = PBXFrameworksBuildPhase;
			buildActionMask = 2147483647;
			files = (
			);
			runOnlyForDeploymentPostprocessing = 0;
		};
		1F903AB41D557A5B0027AF05 /* Frameworks */ = {
			isa = PBXFrameworksBuildPhase;
			buildActionMask = 2147483647;
			files = (
			);
			runOnlyForDeploymentPostprocessing = 0;
		};
		1F903ABF1D557A5B0027AF05 /* Frameworks */ = {
			isa = PBXFrameworksBuildPhase;
			buildActionMask = 2147483647;
			files = (
			);
			runOnlyForDeploymentPostprocessing = 0;
		};
/* End PBXFrameworksBuildPhase section */

/* Begin PBXGroup section */
		1F903A9A1D557A5A0027AF05 = {
			isa = PBXGroup;
			children = (
				1F903AA51D557A5A0027AF05 /* XMLDictionary */,
				1F903ABA1D557A5B0027AF05 /* XMLDictionaryTests */,
				1F903AC51D557A5B0027AF05 /* XMLDictionaryUITests */,
				1F903AA41D557A5A0027AF05 /* Products */,
			);
			sourceTree = "<group>";
		};
		1F903AA41D557A5A0027AF05 /* Products */ = {
			isa = PBXGroup;
			children = (
				1F903AA31D557A5A0027AF05 /* XMLDictionary.app */,
				1F903AB71D557A5B0027AF05 /* XMLDictionaryTests.xctest */,
				1F903AC21D557A5B0027AF05 /* XMLDictionaryUITests.xctest */,
			);
			name = Products;
			sourceTree = "<group>";
		};
		1F903AA51D557A5A0027AF05 /* XMLDictionary */ = {
			isa = PBXGroup;
			children = (
				1F903AA61D557A5A0027AF05 /* AppDelegate.swift */,
				1F903AA81D557A5A0027AF05 /* ViewController.swift */,
				1F903AAA1D557A5A0027AF05 /* Main.storyboard */,
				1F903AAD1D557A5A0027AF05 /* Assets.xcassets */,
				1F903AAF1D557A5A0027AF05 /* LaunchScreen.storyboard */,
				1F903AB21D557A5A0027AF05 /* Info.plist */,
				1F903AD41D557A7B0027AF05 /* person.xml */,
			);
			path = XMLDictionary;
			sourceTree = "<group>";
		};
		1F903ABA1D557A5B0027AF05 /* XMLDictionaryTests */ = {
			isa = PBXGroup;
			children = (
				1F903ABB1D557A5B0027AF05 /* XMLDictionaryTests.swift */,
				1F903ABD1D557A5B0027AF05 /* Info.plist */,
			);
			path = XMLDictionaryTests;
			sourceTree = "<group>";
		};
		1F903AC51D557A5B0027AF05 /* XMLDictionaryUITests */ = {
			isa = PBXGroup;
			children = (
				1F903AC61D557A5B0027AF05 /* XMLDictionaryUITests.swift */,
				1F903AC81D557A5B0027AF05 /* Info.plist */,
			);
			path = XMLDictionaryUITests;
			sourceTree = "<group>";
		};
/* End PBXGroup section */

/* Begin PBXNativeTarget section */
		1F903AA21D557A5A0027AF05 /* XMLDictionary */ = {
			isa = PBXNativeTarget;
			buildConfigurationList = 1F903ACB1D557A5B0027AF05 /* Build configuration list for PBXNativeTarget "XMLDictionary" */;
			buildPhases = (
				1F903A9F1D557A5A0027AF05 /* Sources */,
				1F903AA01D557A5A0027AF05 /* Frameworks */,
				1F903AA11D557A5A0027AF05 /* Resources */,
			);
			buildRules = (
			);
			dependencies = (
			);
			name = XMLDictionary;
			productName = XMLDictionary;
			productReference = 1F903AA31D557A5A0027AF05 /* XMLDictionary.app */;
			productType = "com.apple.product-type.application";
		};
		1F903AB61D557A5B0027AF05 /* XMLDictionaryTests */ = {
			isa = PBXNativeTarget;
			buildConfigurationList = 1F903ACE1D557A5B0027AF05 /* Build configuration list for PBXNativeTarget "XMLDictionaryTests" */;
			buildPhases = (
				1F903AB31D557A5B0027AF05 /* Sources */,
				1F903AB41D557A5B0027AF05 /* Frameworks */,
				1F903AB51D557A5B0027AF05 /* Resources */,
			);
			buildRules = (
			);
			dependencies = (
				1F903AB91D557A5B0027AF05 /* PBXTargetDependency */,
			);
			name = XMLDictionaryTests;
			productName = XMLDictionaryTests;
			productReference = 1F903AB71D557A5B0027AF05 /* XMLDictionaryTests.xctest */;
			productType = "com.apple.product-type.bundle.unit-test";
		};
		1F903AC11D557A5B0027AF05 /* XMLDictionaryUITests */ = {
			isa = PBXNativeTarget;
			buildConfigurationList = 1F903AD11D557A5B0027AF05 /* Build configuration list for PBXNativeTarget "XMLDictionaryUITests" */;
			buildPhases = (
				1F903ABE1D557A5B0027AF05 /* Sources */,
				1F903ABF1D557A5B0027AF05 /* Frameworks */,
				1F903AC01D557A5B0027AF05 /* Resources */,
			);
			buildRules = (
			);
			dependencies = (
				1F903AC41D557A5B0027AF05 /* PBXTargetDependency */,
			);
			name = XMLDictionaryUITests;
			productName = XMLDictionaryUITests;
			productReference = 1F903AC21D557A5B0027AF05 /* XMLDictionaryUITests.xctest */;
			productType = "com.apple.product-type.bundle.ui-testing";
		};
/* End PBXNativeTarget section */

/* Begin PBXProject section */
		1F903A9B1D557A5A0027AF05 /* Project object */ = {
			isa = PBXProject;
			attributes = {
				LastSwiftUpdateCheck = 0730;
				LastUpgradeCheck = 0730;
				ORGANIZATIONNAME = "张皓";
				TargetAttributes = {
					1F903AA21D557A5A0027AF05 = {
						CreatedOnToolsVersion = 7.3.1;
					};
					1F903AB61D557A5B0027AF05 = {
						CreatedOnToolsVersion = 7.3.1;
						TestTargetID = 1F903AA21D557A5A0027AF05;
					};
					1F903AC11D557A5B0027AF05 = {
						CreatedOnToolsVersion = 7.3.1;
						TestTargetID = 1F903AA21D557A5A0027AF05;
					};
				};
			};
			buildConfigurationList = 1F903A9E1D557A5A0027AF05 /* Build configuration list for PBXProject "XMLDictionary" */;
			compatibilityVersion = "Xcode 3.2";
			developmentRegion = English;
			hasScannedForEncodings = 0;
			knownRegions = (
				en,
				Base,
			);
			mainGroup = 1F903A9A1D557A5A0027AF05;
			productRefGroup = 1F903AA41D557A5A0027AF05 /* Products */;
			projectDirPath = "";
			projectRoot = "";
			targets = (
				1F903AA21D557A5A0027AF05 /* XMLDictionary */,
				1F903AB61D557A5B0027AF05 /* XMLDictionaryTests */,
				1F903AC11D557A5B0027AF05 /* XMLDictionaryUITests */,
			);
		};
/* End PBXProject section */

/* Begin PBXResourcesBuildPhase section */
		1F903AA11D557A5A0027AF05 /* Resources */ = {
			isa = PBXResourcesBuildPhase;
			buildActionMask = 2147483647;
			files = (
				1F903AB11D557A5A0027AF05 /* LaunchScreen.storyboard in Resources */,
				1F903AD51D557A7B0027AF05 /* person.xml in Resources */,
				1F903AAE1D557A5A0027AF05 /* Assets.xcassets in Resources */,
				1F903AAC1D557A5A0027AF05 /* Main.storyboard in Resources */,
			);
			runOnlyForDeploymentPostprocessing = 0;
		};
		1F903AB51D557A5B0027AF05 /* Resources */ = {
			isa = PBXResourcesBuildPhase;
			buildActionMask = 2147483647;
			files = (
			);
			runOnlyForDeploymentPostprocessing = 0;
		};
		1F903AC01D557A5B0027AF05 /* Resources */ = {
			isa = PBXResourcesBuildPhase;
			buildActionMask = 2147483647;
			files = (
			);
			runOnlyForDeploymentPostprocessing = 0;
		};
/* End PBXResourcesBuildPhase section */

/* Begin PBXSourcesBuildPhase section */
		1F903A9F1D557A5A0027AF05 /* Sources */ = {
			isa = PBXSourcesBuildPhase;
			buildActionMask = 2147483647;
			files = (
				1F903AA91D557A5A0027AF05 /* ViewController.swift in Sources */,
				1F903AA71D557A5A0027AF05 /* AppDelegate.swift in Sources */,
			);
			runOnlyForDeploymentPostprocessing = 0;
		};
		1F903AB31D557A5B0027AF05 /* Sources */ = {
			isa = PBXSourcesBuildPhase;
			buildActionMask = 2147483647;
			files = (
				1F903ABC1D557A5B0027AF05 /* XMLDictionaryTests.swift in Sources */,
			);
			runOnlyForDeploymentPostprocessing = 0;
		};
		1F903ABE1D557A5B0027AF05 /* Sources */ = {
			isa = PBXSourcesBuildPhase;
			buildActionMask = 2147483647;
			files = (
				1F903AC71D557A5B0027AF05 /* XMLDictionaryUITests.swift in Sources */,
			);
			runOnlyForDeploymentPostprocessing = 0;
		};
/* End PBXSourcesBuildPhase section */

/* Begin PBXTargetDependency section */
		1F903AB91D557A5B0027AF05 /* PBXTargetDependency */ = {
			isa = PBXTargetDependency;
			target = 1F903AA21D557A5A0027AF05 /* XMLDictionary */;
			targetProxy = 1F903AB81D557A5B0027AF05 /* PBXContainerItemProxy */;
		};
		1F903AC41D557A5B0027AF05 /* PBXTargetDependency */ = {
			isa = PBXTargetDependency;
			target = 1F903AA21D557A5A0027AF05 /* XMLDictionary */;
			targetProxy = 1F903AC31D557A5B0027AF05 /* PBXContainerItemProxy */;
		};
/* End PBXTargetDependency section */

/* Begin PBXVariantGroup section */
		1F903AAA1D557A5A0027AF05 /* Main.storyboard */ = {
			isa = PBXVariantGroup;
			children = (
				1F903AAB1D557A5A0027AF05 /* Base */,
			);
			name = Main.storyboard;
			sourceTree = "<group>";
		};
		1F903AAF1D557A5A0027AF05 /* LaunchScreen.storyboard */ = {
			isa = PBXVariantGroup;
			children = (
				1F903AB01D557A5A0027AF05 /* Base */,
			);
			name = LaunchScreen.storyboard;
			sourceTree = "<group>";
		};
/* End PBXVariantGroup section */

/* Begin XCBuildConfiguration section */
		1F903AC91D557A5B0027AF05 /* Debug */ = {
			isa = XCBuildConfiguration;
			buildSettings = {
				ALWAYS_SEARCH_USER_PATHS = NO;
				CLANG_ANALYZER_NONNULL = YES;
				CLANG_CXX_LANGUAGE_STANDARD = "gnu++0x";
				CLANG_CXX_LIBRARY = "libc++";
				CLANG_ENABLE_MODULES = YES;
				CLANG_ENABLE_OBJC_ARC = YES;
				CLANG_WARN_BOOL_CONVERSION = YES;
				CLANG_WARN_CONSTANT_CONVERSION = YES;
				CLANG_WARN_DIRECT_OBJC_ISA_USAGE = YES_ERROR;
				CLANG_WARN_EMPTY_BODY = YES;
				CLANG_WARN_ENUM_CONVERSION = YES;
				CLANG_WARN_INT_CONVERSION = YES;
				CLANG_WARN_OBJC_ROOT_CLASS = YES_ERROR;
				CLANG_WARN_UNREACHABLE_CODE = YES;
				CLANG_WARN__DUPLICATE_METHOD_MATCH = YES;
				"CODE_SIGN_IDENTITY[sdk=iphoneos*]" = "iPhone Developer";
				COPY_PHASE_STRIP = NO;
				DEBUG_INFORMATION_FORMAT = dwarf;
				ENABLE_STRICT_OBJC_MSGSEND = YES;
				ENABLE_TESTABILITY = YES;
				GCC_C_LANGUAGE_STANDARD = gnu99;
				GCC_DYNAMIC_NO_PIC = NO;
				GCC_NO_COMMON_BLOCKS = YES;
				GCC_OPTIMIZATION_LEVEL = 0;
				GCC_PREPROCESSOR_DEFINITIONS = (
					"DEBUG=1",
					"$(inherited)",
				);
				GCC_WARN_64_TO_32_BIT_CONVERSION = YES;
				GCC_WARN_ABOUT_RETURN_TYPE = YES_ERROR;
				GCC_WARN_UNDECLARED_SELECTOR = YES;
				GCC_WARN_UNINITIALIZED_AUTOS = YES_AGGRESSIVE;
				GCC_WARN_UNUSED_FUNCTION = YES;
				GCC_WARN_UNUSED_VARIABLE = YES;
				IPHONEOS_DEPLOYMENT_TARGET = 9.3;
				MTL_ENABLE_DEBUG_INFO = YES;
				ONLY_ACTIVE_ARCH = YES;
				SDKROOT = iphoneos;
				SWIFT_OPTIMIZATION_LEVEL = "-Onone";
				TARGETED_DEVICE_FAMILY = "1,2";
			};
			name = Debug;
		};
		1F903ACA1D557A5B0027AF05 /* Release */ = {
			isa = XCBuildConfiguration;
			buildSettings = {
				ALWAYS_SEARCH_USER_PATHS = NO;
				CLANG_ANALYZER_NONNULL = YES;
				CLANG_CXX_LANGUAGE_STANDARD = "gnu++0x";
				CLANG_CXX_LIBRARY = "libc++";
				CLANG_ENABLE_MODULES = YES;
				CLANG_ENABLE_OBJC_ARC = YES;
				CLANG_WARN_BOOL_CONVERSION = YES;
				CLANG_WARN_CONSTANT_CONVERSION = YES;
				CLANG_WARN_DIRECT_OBJC_ISA_USAGE = YES_ERROR;
				CLANG_WARN_EMPTY_BODY = YES;
				CLANG_WARN_ENUM_CONVERSION = YES;
				CLANG_WARN_INT_CONVERSION = YES;
				CLANG_WARN_OBJC_ROOT_CLASS = YES_ERROR;
				CLANG_WARN_UNREACHABLE_CODE = YES;
				CLANG_WARN__DUPLICATE_METHOD_MATCH = YES;
				"CODE_SIGN_IDENTITY[sdk=iphoneos*]" = "iPhone Developer";
				COPY_PHASE_STRIP = NO;
				DEBUG_INFORMATION_FORMAT = "dwarf-with-dsym";
				ENABLE_NS_ASSERTIONS = NO;
				ENABLE_STRICT_OBJC_MSGSEND = YES;
				GCC_C_LANGUAGE_STANDARD = gnu99;
				GCC_NO_COMMON_BLOCKS = YES;
				GCC_WARN_64_TO_32_BIT_CONVERSION = YES;
				GCC_WARN_ABOUT_RETURN_TYPE = YES_ERROR;
				GCC_WARN_UNDECLARED_SELECTOR = YES;
				GCC_WARN_UNINITIALIZED_AUTOS = YES_AGGRESSIVE;
				GCC_WARN_UNUSED_FUNCTION = YES;
				GCC_WARN_UNUSED_VARIABLE = YES;
				IPHONEOS_DEPLOYMENT_TARGET = 9.3;
				MTL_ENABLE_DEBUG_INFO = NO;
				SDKROOT = iphoneos;
				TARGETED_DEVICE_FAMILY = "1,2";
				VALIDATE_PRODUCT = YES;
			};
			name = Release;
		};
		1F903ACC1D557A5B0027AF05 /* Debug */ = {
			isa = XCBuildConfiguration;
			buildSettings = {
				ASSETCATALOG_COMPILER_APPICON_NAME = AppIcon;
				INFOPLIST_FILE = XMLDictionary/Info.plist;
				LD_RUNPATH_SEARCH_PATHS = "$(inherited) @executable_path/Frameworks";
				PRODUCT_BUNDLE_IDENTIFIER = john.XMLDictionary;
				PRODUCT_NAME = "$(TARGET_NAME)";
			};
			name = Debug;
		};
		1F903ACD1D557A5B0027AF05 /* Release */ = {
			isa = XCBuildConfiguration;
			buildSettings = {
				ASSETCATALOG_COMPILER_APPICON_NAME = AppIcon;
				INFOPLIST_FILE = XMLDictionary/Info.plist;
				LD_RUNPATH_SEARCH_PATHS = "$(inherited) @executable_path/Frameworks";
				PRODUCT_BUNDLE_IDENTIFIER = john.XMLDictionary;
				PRODUCT_NAME = "$(TARGET_NAME)";
			};
			name = Release;
		};
		1F903ACF1D557A5B0027AF05 /* Debug */ = {
			isa = XCBuildConfiguration;
			buildSettings = {
				BUNDLE_LOADER = "$(TEST_HOST)";
				INFOPLIST_FILE = XMLDictionaryTests/Info.plist;
				LD_RUNPATH_SEARCH_PATHS = "$(inherited) @executable_path/Frameworks @loader_path/Frameworks";
				PRODUCT_BUNDLE_IDENTIFIER = john.XMLDictionaryTests;
				PRODUCT_NAME = "$(TARGET_NAME)";
				TEST_HOST = "$(BUILT_PRODUCTS_DIR)/XMLDictionary.app/XMLDictionary";
			};
			name = Debug;
		};
		1F903AD01D557A5B0027AF05 /* Release */ = {
			isa = XCBuildConfiguration;
			buildSettings = {
				BUNDLE_LOADER = "$(TEST_HOST)";
				INFOPLIST_FILE = XMLDictionaryTests/Info.plist;
				LD_RUNPATH_SEARCH_PATHS = "$(inherited) @executable_path/Frameworks @loader_path/Frameworks";
				PRODUCT_BUNDLE_IDENTIFIER = john.XMLDictionaryTests;
				PRODUCT_NAME = "$(TARGET_NAME)";
				TEST_HOST = "$(BUILT_PRODUCTS_DIR)/XMLDictionary.app/XMLDictionary";
			};
			name = Release;
		};
		1F903AD21D557A5B0027AF05 /* Debug */ = {
			isa = XCBuildConfiguration;
			buildSettings = {
				INFOPLIST_FILE = XMLDictionaryUITests/Info.plist;
				LD_RUNPATH_SEARCH_PATHS = "$(inherited) @executable_path/Frameworks @loader_path/Frameworks";
				PRODUCT_BUNDLE_IDENTIFIER = john.XMLDictionaryUITests;
				PRODUCT_NAME = "$(TARGET_NAME)";
				TEST_TARGET_NAME = XMLDictionary;
			};
			name = Debug;
		};
		1F903AD31D557A5B0027AF05 /* Release */ = {
			isa = XCBuildConfiguration;
			buildSettings = {
				INFOPLIST_FILE = XMLDictionaryUITests/Info.plist;
				LD_RUNPATH_SEARCH_PATHS = "$(inherited) @executable_path/Frameworks @loader_path/Frameworks";
				PRODUCT_BUNDLE_IDENTIFIER = john.XMLDictionaryUITests;
				PRODUCT_NAME = "$(TARGET_NAME)";
				TEST_TARGET_NAME = XMLDictionary;
			};
			name = Release;
		};
/* End XCBuildConfiguration section */

/* Begin XCConfigurationList section */
		1F903A9E1D557A5A0027AF05 /* Build configuration list for PBXProject "XMLDictionary" */ = {
			isa = XCConfigurationList;
			buildConfigurations = (
				1F903AC91D557A5B0027AF05 /* Debug */,
				1F903ACA1D557A5B0027AF05 /* Release */,
			);
			defaultConfigurationIsVisible = 0;
			defaultConfigurationName = Release;
		};
		1F903ACB1D557A5B0027AF05 /* Build configuration list for PBXNativeTarget "XMLDictionary" */ = {
			isa = XCConfigurationList;
			buildConfigurations = (
				1F903ACC1D557A5B0027AF05 /* Debug */,
				1F903ACD1D557A5B0027AF05 /* Release */,
			);
			defaultConfigurationIsVisible = 0;
		};
		1F903ACE1D557A5B0027AF05 /* Build configuration list for PBXNativeTarget "XMLDictionaryTests" */ = {
			isa = XCConfigurationList;
			buildConfigurations = (
				1F903ACF1D557A5B0027AF05 /* Debug */,
				1F903AD01D557A5B0027AF05 /* Release */,
			);
			defaultConfigurationIsVisible = 0;
		};
		1F903AD11D557A5B0027AF05 /* Build configuration list for PBXNativeTarget "XMLDictionaryUITests" */ = {
			isa = XCConfigurationList;
			buildConfigurations = (
				1F903AD21D557A5B0027AF05 /* Debug */,
				1F903AD31D557A5B0027AF05 /* Release */,
			);
			defaultConfigurationIsVisible = 0;
		};
/* End XCConfigurationList section */
	};
	rootObject = 1F903A9B1D557A5A0027AF05 /* Project object */;
}
