// !$*UTF8*$!
{
	archiveVersion = 1;
	classes = {
	};
	objectVersion = 46;
	objects = {

/* Begin PBXBuildFile section */
		1FB21E641CE9BB8D00240F32 /* AppDelegate.swift in Sources */ = {isa = PBXBuildFile; fileRef = 1FB21E631CE9BB8D00240F32 /* AppDelegate.swift */; };
		1FB21E661CE9BB8D00240F32 /* ViewController.swift in Sources */ = {isa = PBXBuildFile; fileRef = 1FB21E651CE9BB8D00240F32 /* ViewController.swift */; };
		1FB21E691CE9BB8D00240F32 /* Main.storyboard in Resources */ = {isa = PBXBuildFile; fileRef = 1FB21E671CE9BB8D00240F32 /* Main.storyboard */; };
		1FB21E6B1CE9BB8D00240F32 /* Assets.xcassets in Resources */ = {isa = PBXBuildFile; fileRef = 1FB21E6A1CE9BB8D00240F32 /* Assets.xcassets */; };
		1FB21E6E1CE9BB8D00240F32 /* LaunchScreen.storyboard in Resources */ = {isa = PBXBuildFile; fileRef = 1FB21E6C1CE9BB8D00240F32 /* LaunchScreen.storyboard */; };
		1FB21E791CE9BB8E00240F32 /* scrollViewTests.swift in Sources */ = {isa = PBXBuildFile; fileRef = 1FB21E781CE9BB8E00240F32 /* scrollViewTests.swift */; };
		1FB21E841CE9BB8E00240F32 /* scrollViewUITests.swift in Sources */ = {isa = PBXBuildFile; fileRef = 1FB21E831CE9BB8E00240F32 /* scrollViewUITests.swift */; };
		1FB21ED11CEA09D900240F32 /* Banner.swift in Sources */ = {isa = PBXBuildFile; fileRef = 1FB21ED01CEA09D900240F32 /* Banner.swift */; };
		1FB21EDF1CEA0A6600240F32 /* jpg.plist in Resources */ = {isa = PBXBuildFile; fileRef = 1FB21ED81CEA0A6600240F32 /* jpg.plist */; };
		1FB21EE71CEA0B5A00240F32 /* 6.jpg in Resources */ = {isa = PBXBuildFile; fileRef = 1FB21EE11CEA0B5A00240F32 /* 6.jpg */; };
		1FB21EE81CEA0B5A00240F32 /* 1.jpg in Resources */ = {isa = PBXBuildFile; fileRef = 1FB21EE21CEA0B5A00240F32 /* 1.jpg */; };
		1FB21EE91CEA0B5A00240F32 /* 2.jpg in Resources */ = {isa = PBXBuildFile; fileRef = 1FB21EE31CEA0B5A00240F32 /* 2.jpg */; };
		1FB21EEA1CEA0B5A00240F32 /* 3.jpg in Resources */ = {isa = PBXBuildFile; fileRef = 1FB21EE41CEA0B5A00240F32 /* 3.jpg */; };
		1FB21EEB1CEA0B5A00240F32 /* 4.jpg in Resources */ = {isa = PBXBuildFile; fileRef = 1FB21EE51CEA0B5A00240F32 /* 4.jpg */; };
		1FB21EEC1CEA0B5A00240F32 /* 5.jpg in Resources */ = {isa = PBXBuildFile; fileRef = 1FB21EE61CEA0B5A00240F32 /* 5.jpg */; };
/* End PBXBuildFile section */

/* Begin PBXContainerItemProxy section */
		1FB21E751CE9BB8D00240F32 /* PBXContainerItemProxy */ = {
			isa = PBXContainerItemProxy;
			containerPortal = 1FB21E581CE9BB8D00240F32 /* Project object */;
			proxyType = 1;
			remoteGlobalIDString = 1FB21E5F1CE9BB8D00240F32;
			remoteInfo = scrollView;
		};
		1FB21E801CE9BB8E00240F32 /* PBXContainerItemProxy */ = {
			isa = PBXContainerItemProxy;
			containerPortal = 1FB21E581CE9BB8D00240F32 /* Project object */;
			proxyType = 1;
			remoteGlobalIDString = 1FB21E5F1CE9BB8D00240F32;
			remoteInfo = scrollView;
		};
/* End PBXContainerItemProxy section */

/* Begin PBXFileReference section */
		1FB21E601CE9BB8D00240F32 /* scrollView.app */ = {isa = PBXFileReference; explicitFileType = wrapper.application; includeInIndex = 0; path = scrollView.app; sourceTree = BUILT_PRODUCTS_DIR; };
		1FB21E631CE9BB8D00240F32 /* AppDelegate.swift */ = {isa = PBXFileReference; lastKnownFileType = sourcecode.swift; path = AppDelegate.swift; sourceTree = "<group>"; };
		1FB21E651CE9BB8D00240F32 /* ViewController.swift */ = {isa = PBXFileReference; lastKnownFileType = sourcecode.swift; path = ViewController.swift; sourceTree = "<group>"; };
		1FB21E681CE9BB8D00240F32 /* Base */ = {isa = PBXFileReference; lastKnownFileType = file.storyboard; name = Base; path = Base.lproj/Main.storyboard; sourceTree = "<group>"; };
		1FB21E6A1CE9BB8D00240F32 /* Assets.xcassets */ = {isa = PBXFileReference; lastKnownFileType = folder.assetcatalog; path = Assets.xcassets; sourceTree = "<group>"; };
		1FB21E6D1CE9BB8D00240F32 /* Base */ = {isa = PBXFileReference; lastKnownFileType = file.storyboard; name = Base; path = Base.lproj/LaunchScreen.storyboard; sourceTree = "<group>"; };
		1FB21E6F1CE9BB8D00240F32 /* Info.plist */ = {isa = PBXFileReference; lastKnownFileType = text.plist.xml; path = Info.plist; sourceTree = "<group>"; };
		1FB21E741CE9BB8D00240F32 /* scrollViewTests.xctest */ = {isa = PBXFileReference; explicitFileType = wrapper.cfbundle; includeInIndex = 0; path = scrollViewTests.xctest; sourceTree = BUILT_PRODUCTS_DIR; };
		1FB21E781CE9BB8E00240F32 /* scrollViewTests.swift */ = {isa = PBXFileReference; lastKnownFileType = sourcecode.swift; path = scrollViewTests.swift; sourceTree = "<group>"; };
		1FB21E7A1CE9BB8E00240F32 /* Info.plist */ = {isa = PBXFileReference; lastKnownFileType = text.plist.xml; path = Info.plist; sourceTree = "<group>"; };
		1FB21E7F1CE9BB8E00240F32 /* scrollViewUITests.xctest */ = {isa = PBXFileReference; explicitFileType = wrapper.cfbundle; includeInIndex = 0; path = scrollViewUITests.xctest; sourceTree = BUILT_PRODUCTS_DIR; };
		1FB21E831CE9BB8E00240F32 /* scrollViewUITests.swift */ = {isa = PBXFileReference; lastKnownFileType = sourcecode.swift; path = scrollViewUITests.swift; sourceTree = "<group>"; };
		1FB21E851CE9BB8E00240F32 /* Info.plist */ = {isa = PBXFileReference; lastKnownFileType = text.plist.xml; path = Info.plist; sourceTree = "<group>"; };
		1FB21ED01CEA09D900240F32 /* Banner.swift */ = {isa = PBXFileReference; fileEncoding = 4; lastKnownFileType = sourcecode.swift; path = Banner.swift; sourceTree = "<group>"; };
		1FB21ED81CEA0A6600240F32 /* jpg.plist */ = {isa = PBXFileReference; fileEncoding = 4; lastKnownFileType = text.plist.xml; path = jpg.plist; sourceTree = "<group>"; };
		1FB21EE11CEA0B5A00240F32 /* 6.jpg */ = {isa = PBXFileReference; lastKnownFileType = image.jpeg; path = 6.jpg; sourceTree = "<group>"; };
		1FB21EE21CEA0B5A00240F32 /* 1.jpg */ = {isa = PBXFileReference; lastKnownFileType = image.jpeg; path = 1.jpg; sourceTree = "<group>"; };
		1FB21EE31CEA0B5A00240F32 /* 2.jpg */ = {isa = PBXFileReference; lastKnownFileType = image.jpeg; path = 2.jpg; sourceTree = "<group>"; };
		1FB21EE41CEA0B5A00240F32 /* 3.jpg */ = {isa = PBXFileReference; lastKnownFileType = image.jpeg; path = 3.jpg; sourceTree = "<group>"; };
		1FB21EE51CEA0B5A00240F32 /* 4.jpg */ = {isa = PBXFileReference; lastKnownFileType = image.jpeg; path = 4.jpg; sourceTree = "<group>"; };
		1FB21EE61CEA0B5A00240F32 /* 5.jpg */ = {isa = PBXFileReference; lastKnownFileType = image.jpeg; path = 5.jpg; sourceTree = "<group>"; };
/* End PBXFileReference section */

/* Begin PBXFrameworksBuildPhase section */
		1FB21E5D1CE9BB8D00240F32 /* Frameworks */ = {
			isa = PBXFrameworksBuildPhase;
			buildActionMask = 2147483647;
			files = (
			);
			runOnlyForDeploymentPostprocessing = 0;
		};
		1FB21E711CE9BB8D00240F32 /* Frameworks */ = {
			isa = PBXFrameworksBuildPhase;
			buildActionMask = 2147483647;
			files = (
			);
			runOnlyForDeploymentPostprocessing = 0;
		};
		1FB21E7C1CE9BB8E00240F32 /* Frameworks */ = {
			isa = PBXFrameworksBuildPhase;
			buildActionMask = 2147483647;
			files = (
			);
			runOnlyForDeploymentPostprocessing = 0;
		};
/* End PBXFrameworksBuildPhase section */

/* Begin PBXGroup section */
		1FB21E571CE9BB8D00240F32 = {
			isa = PBXGroup;
			children = (
				1FB21E621CE9BB8D00240F32 /* scrollView */,
				1FB21E771CE9BB8E00240F32 /* scrollViewTests */,
				1FB21E821CE9BB8E00240F32 /* scrollViewUITests */,
				1FB21E611CE9BB8D00240F32 /* Products */,
			);
			sourceTree = "<group>";
		};
		1FB21E611CE9BB8D00240F32 /* Products */ = {
			isa = PBXGroup;
			children = (
				1FB21E601CE9BB8D00240F32 /* scrollView.app */,
				1FB21E741CE9BB8D00240F32 /* scrollViewTests.xctest */,
				1FB21E7F1CE9BB8E00240F32 /* scrollViewUITests.xctest */,
			);
			name = Products;
			sourceTree = "<group>";
		};
		1FB21E621CE9BB8D00240F32 /* scrollView */ = {
			isa = PBXGroup;
			children = (
				1FB21E631CE9BB8D00240F32 /* AppDelegate.swift */,
				1FB21E651CE9BB8D00240F32 /* ViewController.swift */,
				1FB21E671CE9BB8D00240F32 /* Main.storyboard */,
				1FB21E6A1CE9BB8D00240F32 /* Assets.xcassets */,
				1FB21E6C1CE9BB8D00240F32 /* LaunchScreen.storyboard */,
				1FB21E6F1CE9BB8D00240F32 /* Info.plist */,
				1FB21ED01CEA09D900240F32 /* Banner.swift */,
				1FB21EE01CEA0A7100240F32 /* surpport */,
			);
			path = scrollView;
			sourceTree = "<group>";
		};
		1FB21E771CE9BB8E00240F32 /* scrollViewTests */ = {
			isa = PBXGroup;
			children = (
				1FB21E781CE9BB8E00240F32 /* scrollViewTests.swift */,
				1FB21E7A1CE9BB8E00240F32 /* Info.plist */,
			);
			path = scrollViewTests;
			sourceTree = "<group>";
		};
		1FB21E821CE9BB8E00240F32 /* scrollViewUITests */ = {
			isa = PBXGroup;
			children = (
				1FB21E831CE9BB8E00240F32 /* scrollViewUITests.swift */,
				1FB21E851CE9BB8E00240F32 /* Info.plist */,
			);
			path = scrollViewUITests;
			sourceTree = "<group>";
		};
		1FB21EE01CEA0A7100240F32 /* surpport */ = {
			isa = PBXGroup;
			children = (
				1FB21EE11CEA0B5A00240F32 /* 6.jpg */,
				1FB21EE21CEA0B5A00240F32 /* 1.jpg */,
				1FB21EE31CEA0B5A00240F32 /* 2.jpg */,
				1FB21EE41CEA0B5A00240F32 /* 3.jpg */,
				1FB21EE51CEA0B5A00240F32 /* 4.jpg */,
				1FB21EE61CEA0B5A00240F32 /* 5.jpg */,
				1FB21ED81CEA0A6600240F32 /* jpg.plist */,
			);
			name = surpport;
			sourceTree = "<group>";
		};
/* End PBXGroup section */

/* Begin PBXNativeTarget section */
		1FB21E5F1CE9BB8D00240F32 /* scrollView */ = {
			isa = PBXNativeTarget;
			buildConfigurationList = 1FB21E881CE9BB8E00240F32 /* Build configuration list for PBXNativeTarget "scrollView" */;
			buildPhases = (
				1FB21E5C1CE9BB8D00240F32 /* Sources */,
				1FB21E5D1CE9BB8D00240F32 /* Frameworks */,
				1FB21E5E1CE9BB8D00240F32 /* Resources */,
			);
			buildRules = (
			);
			dependencies = (
			);
			name = scrollView;
			productName = scrollView;
			productReference = 1FB21E601CE9BB8D00240F32 /* scrollView.app */;
			productType = "com.apple.product-type.application";
		};
		1FB21E731CE9BB8D00240F32 /* scrollViewTests */ = {
			isa = PBXNativeTarget;
			buildConfigurationList = 1FB21E8B1CE9BB8E00240F32 /* Build configuration list for PBXNativeTarget "scrollViewTests" */;
			buildPhases = (
				1FB21E701CE9BB8D00240F32 /* Sources */,
				1FB21E711CE9BB8D00240F32 /* Frameworks */,
				1FB21E721CE9BB8D00240F32 /* Resources */,
			);
			buildRules = (
			);
			dependencies = (
				1FB21E761CE9BB8D00240F32 /* PBXTargetDependency */,
			);
			name = scrollViewTests;
			productName = scrollViewTests;
			productReference = 1FB21E741CE9BB8D00240F32 /* scrollViewTests.xctest */;
			productType = "com.apple.product-type.bundle.unit-test";
		};
		1FB21E7E1CE9BB8E00240F32 /* scrollViewUITests */ = {
			isa = PBXNativeTarget;
			buildConfigurationList = 1FB21E8E1CE9BB8E00240F32 /* Build configuration list for PBXNativeTarget "scrollViewUITests" */;
			buildPhases = (
				1FB21E7B1CE9BB8E00240F32 /* Sources */,
				1FB21E7C1CE9BB8E00240F32 /* Frameworks */,
				1FB21E7D1CE9BB8E00240F32 /* Resources */,
			);
			buildRules = (
			);
			dependencies = (
				1FB21E811CE9BB8E00240F32 /* PBXTargetDependency */,
			);
			name = scrollViewUITests;
			productName = scrollViewUITests;
			productReference = 1FB21E7F1CE9BB8E00240F32 /* scrollViewUITests.xctest */;
			productType = "com.apple.product-type.bundle.ui-testing";
		};
/* End PBXNativeTarget section */

/* Begin PBXProject section */
		1FB21E581CE9BB8D00240F32 /* Project object */ = {
			isa = PBXProject;
			attributes = {
				LastSwiftUpdateCheck = 0730;
				LastUpgradeCheck = 0730;
				ORGANIZATIONNAME = "张皓";
				TargetAttributes = {
					1FB21E5F1CE9BB8D00240F32 = {
						CreatedOnToolsVersion = 7.3.1;
						DevelopmentTeam = 3ABF6JEP26;
					};
					1FB21E731CE9BB8D00240F32 = {
						CreatedOnToolsVersion = 7.3.1;
						DevelopmentTeam = 3ABF6JEP26;
						TestTargetID = 1FB21E5F1CE9BB8D00240F32;
					};
					1FB21E7E1CE9BB8E00240F32 = {
						CreatedOnToolsVersion = 7.3.1;
						DevelopmentTeam = 3ABF6JEP26;
						TestTargetID = 1FB21E5F1CE9BB8D00240F32;
					};
				};
			};
			buildConfigurationList = 1FB21E5B1CE9BB8D00240F32 /* Build configuration list for PBXProject "scrollView" */;
			compatibilityVersion = "Xcode 3.2";
			developmentRegion = English;
			hasScannedForEncodings = 0;
			knownRegions = (
				en,
				Base,
			);
			mainGroup = 1FB21E571CE9BB8D00240F32;
			productRefGroup = 1FB21E611CE9BB8D00240F32 /* Products */;
			projectDirPath = "";
			projectRoot = "";
			targets = (
				1FB21E5F1CE9BB8D00240F32 /* scrollView */,
				1FB21E731CE9BB8D00240F32 /* scrollViewTests */,
				1FB21E7E1CE9BB8E00240F32 /* scrollViewUITests */,
			);
		};
/* End PBXProject section */

/* Begin PBXResourcesBuildPhase section */
		1FB21E5E1CE9BB8D00240F32 /* Resources */ = {
			isa = PBXResourcesBuildPhase;
			buildActionMask = 2147483647;
			files = (
				1FB21E6E1CE9BB8D00240F32 /* LaunchScreen.storyboard in Resources */,
				1FB21EEC1CEA0B5A00240F32 /* 5.jpg in Resources */,
				1FB21EE71CEA0B5A00240F32 /* 6.jpg in Resources */,
				1FB21EE91CEA0B5A00240F32 /* 2.jpg in Resources */,
				1FB21EDF1CEA0A6600240F32 /* jpg.plist in Resources */,
				1FB21EE81CEA0B5A00240F32 /* 1.jpg in Resources */,
				1FB21E6B1CE9BB8D00240F32 /* Assets.xcassets in Resources */,
				1FB21EEB1CEA0B5A00240F32 /* 4.jpg in Resources */,
				1FB21E691CE9BB8D00240F32 /* Main.storyboard in Resources */,
				1FB21EEA1CEA0B5A00240F32 /* 3.jpg in Resources */,
			);
			runOnlyForDeploymentPostprocessing = 0;
		};
		1FB21E721CE9BB8D00240F32 /* Resources */ = {
			isa = PBXResourcesBuildPhase;
			buildActionMask = 2147483647;
			files = (
			);
			runOnlyForDeploymentPostprocessing = 0;
		};
		1FB21E7D1CE9BB8E00240F32 /* Resources */ = {
			isa = PBXResourcesBuildPhase;
			buildActionMask = 2147483647;
			files = (
			);
			runOnlyForDeploymentPostprocessing = 0;
		};
/* End PBXResourcesBuildPhase section */

/* Begin PBXSourcesBuildPhase section */
		1FB21E5C1CE9BB8D00240F32 /* Sources */ = {
			isa = PBXSourcesBuildPhase;
			buildActionMask = 2147483647;
			files = (
				1FB21E661CE9BB8D00240F32 /* ViewController.swift in Sources */,
				1FB21E641CE9BB8D00240F32 /* AppDelegate.swift in Sources */,
				1FB21ED11CEA09D900240F32 /* Banner.swift in Sources */,
			);
			runOnlyForDeploymentPostprocessing = 0;
		};
		1FB21E701CE9BB8D00240F32 /* Sources */ = {
			isa = PBXSourcesBuildPhase;
			buildActionMask = 2147483647;
			files = (
				1FB21E791CE9BB8E00240F32 /* scrollViewTests.swift in Sources */,
			);
			runOnlyForDeploymentPostprocessing = 0;
		};
		1FB21E7B1CE9BB8E00240F32 /* Sources */ = {
			isa = PBXSourcesBuildPhase;
			buildActionMask = 2147483647;
			files = (
				1FB21E841CE9BB8E00240F32 /* scrollViewUITests.swift in Sources */,
			);
			runOnlyForDeploymentPostprocessing = 0;
		};
/* End PBXSourcesBuildPhase section */

/* Begin PBXTargetDependency section */
		1FB21E761CE9BB8D00240F32 /* PBXTargetDependency */ = {
			isa = PBXTargetDependency;
			target = 1FB21E5F1CE9BB8D00240F32 /* scrollView */;
			targetProxy = 1FB21E751CE9BB8D00240F32 /* PBXContainerItemProxy */;
		};
		1FB21E811CE9BB8E00240F32 /* PBXTargetDependency */ = {
			isa = PBXTargetDependency;
			target = 1FB21E5F1CE9BB8D00240F32 /* scrollView */;
			targetProxy = 1FB21E801CE9BB8E00240F32 /* PBXContainerItemProxy */;
		};
/* End PBXTargetDependency section */

/* Begin PBXVariantGroup section */
		1FB21E671CE9BB8D00240F32 /* Main.storyboard */ = {
			isa = PBXVariantGroup;
			children = (
				1FB21E681CE9BB8D00240F32 /* Base */,
			);
			name = Main.storyboard;
			sourceTree = "<group>";
		};
		1FB21E6C1CE9BB8D00240F32 /* LaunchScreen.storyboard */ = {
			isa = PBXVariantGroup;
			children = (
				1FB21E6D1CE9BB8D00240F32 /* Base */,
			);
			name = LaunchScreen.storyboard;
			sourceTree = "<group>";
		};
/* End PBXVariantGroup section */

/* Begin XCBuildConfiguration section */
		1FB21E861CE9BB8E00240F32 /* Debug */ = {
			isa = XCBuildConfiguration;
			buildSettings = {
				ALWAYS_SEARCH_USER_PATHS = NO;
				CLANG_ANALYZER_NONNULL = YES;
				CLANG_CXX_LANGUAGE_STANDARD = "gnu++0x";
				CLANG_CXX_LIBRARY = "libc++";
				CLANG_ENABLE_MODULES = YES;
				CLANG_ENABLE_OBJC_ARC = YES;
				CLANG_WARN_BOOL_CONVERSION = YES;
				CLANG_WARN_CONSTANT_CONVERSION = YES;
				CLANG_WARN_DIRECT_OBJC_ISA_USAGE = YES_ERROR;
				CLANG_WARN_EMPTY_BODY = YES;
				CLANG_WARN_ENUM_CONVERSION = YES;
				CLANG_WARN_INT_CONVERSION = YES;
				CLANG_WARN_OBJC_ROOT_CLASS = YES_ERROR;
				CLANG_WARN_UNREACHABLE_CODE = YES;
				CLANG_WARN__DUPLICATE_METHOD_MATCH = YES;
				"CODE_SIGN_IDENTITY[sdk=iphoneos*]" = "iPhone Developer";
				COPY_PHASE_STRIP = NO;
				DEBUG_INFORMATION_FORMAT = dwarf;
				ENABLE_STRICT_OBJC_MSGSEND = YES;
				ENABLE_TESTABILITY = YES;
				GCC_C_LANGUAGE_STANDARD = gnu99;
				GCC_DYNAMIC_NO_PIC = NO;
				GCC_NO_COMMON_BLOCKS = YES;
				GCC_OPTIMIZATION_LEVEL = 0;
				GCC_PREPROCESSOR_DEFINITIONS = (
					"DEBUG=1",
					"$(inherited)",
				);
				GCC_WARN_64_TO_32_BIT_CONVERSION = YES;
				GCC_WARN_ABOUT_RETURN_TYPE = YES_ERROR;
				GCC_WARN_UNDECLARED_SELECTOR = YES;
				GCC_WARN_UNINITIALIZED_AUTOS = YES_AGGRESSIVE;
				GCC_WARN_UNUSED_FUNCTION = YES;
				GCC_WARN_UNUSED_VARIABLE = YES;
				IPHONEOS_DEPLOYMENT_TARGET = 9.3;
				MTL_ENABLE_DEBUG_INFO = YES;
				ONLY_ACTIVE_ARCH = YES;
				SDKROOT = iphoneos;
				SWIFT_OPTIMIZATION_LEVEL = "-Onone";
				TARGETED_DEVICE_FAMILY = "1,2";
			};
			name = Debug;
		};
		1FB21E871CE9BB8E00240F32 /* Release */ = {
			isa = XCBuildConfiguration;
			buildSettings = {
				ALWAYS_SEARCH_USER_PATHS = NO;
				CLANG_ANALYZER_NONNULL = YES;
				CLANG_CXX_LANGUAGE_STANDARD = "gnu++0x";
				CLANG_CXX_LIBRARY = "libc++";
				CLANG_ENABLE_MODULES = YES;
				CLANG_ENABLE_OBJC_ARC = YES;
				CLANG_WARN_BOOL_CONVERSION = YES;
				CLANG_WARN_CONSTANT_CONVERSION = YES;
				CLANG_WARN_DIRECT_OBJC_ISA_USAGE = YES_ERROR;
				CLANG_WARN_EMPTY_BODY = YES;
				CLANG_WARN_ENUM_CONVERSION = YES;
				CLANG_WARN_INT_CONVERSION = YES;
				CLANG_WARN_OBJC_ROOT_CLASS = YES_ERROR;
				CLANG_WARN_UNREACHABLE_CODE = YES;
				CLANG_WARN__DUPLICATE_METHOD_MATCH = YES;
				"CODE_SIGN_IDENTITY[sdk=iphoneos*]" = "iPhone Developer";
				COPY_PHASE_STRIP = NO;
				DEBUG_INFORMATION_FORMAT = "dwarf-with-dsym";
				ENABLE_NS_ASSERTIONS = NO;
				ENABLE_STRICT_OBJC_MSGSEND = YES;
				GCC_C_LANGUAGE_STANDARD = gnu99;
				GCC_NO_COMMON_BLOCKS = YES;
				GCC_WARN_64_TO_32_BIT_CONVERSION = YES;
				GCC_WARN_ABOUT_RETURN_TYPE = YES_ERROR;
				GCC_WARN_UNDECLARED_SELECTOR = YES;
				GCC_WARN_UNINITIALIZED_AUTOS = YES_AGGRESSIVE;
				GCC_WARN_UNUSED_FUNCTION = YES;
				GCC_WARN_UNUSED_VARIABLE = YES;
				IPHONEOS_DEPLOYMENT_TARGET = 9.3;
				MTL_ENABLE_DEBUG_INFO = NO;
				SDKROOT = iphoneos;
				TARGETED_DEVICE_FAMILY = "1,2";
				VALIDATE_PRODUCT = YES;
			};
			name = Release;
		};
		1FB21E891CE9BB8E00240F32 /* Debug */ = {
			isa = XCBuildConfiguration;
			buildSettings = {
				ASSETCATALOG_COMPILER_APPICON_NAME = AppIcon;
				INFOPLIST_FILE = scrollView/Info.plist;
				LD_RUNPATH_SEARCH_PATHS = "$(inherited) @executable_path/Frameworks";
				PRODUCT_BUNDLE_IDENTIFIER = my.scrollView;
				PRODUCT_NAME = "$(TARGET_NAME)";
			};
			name = Debug;
		};
		1FB21E8A1CE9BB8E00240F32 /* Release */ = {
			isa = XCBuildConfiguration;
			buildSettings = {
				ASSETCATALOG_COMPILER_APPICON_NAME = AppIcon;
				INFOPLIST_FILE = scrollView/Info.plist;
				LD_RUNPATH_SEARCH_PATHS = "$(inherited) @executable_path/Frameworks";
				PRODUCT_BUNDLE_IDENTIFIER = my.scrollView;
				PRODUCT_NAME = "$(TARGET_NAME)";
			};
			name = Release;
		};
		1FB21E8C1CE9BB8E00240F32 /* Debug */ = {
			isa = XCBuildConfiguration;
			buildSettings = {
				BUNDLE_LOADER = "$(TEST_HOST)";
				INFOPLIST_FILE = scrollViewTests/Info.plist;
				LD_RUNPATH_SEARCH_PATHS = "$(inherited) @executable_path/Frameworks @loader_path/Frameworks";
				PRODUCT_BUNDLE_IDENTIFIER = my.scrollViewTests;
				PRODUCT_NAME = "$(TARGET_NAME)";
				TEST_HOST = "$(BUILT_PRODUCTS_DIR)/scrollView.app/scrollView";
			};
			name = Debug;
		};
		1FB21E8D1CE9BB8E00240F32 /* Release */ = {
			isa = XCBuildConfiguration;
			buildSettings = {
				BUNDLE_LOADER = "$(TEST_HOST)";
				INFOPLIST_FILE = scrollViewTests/Info.plist;
				LD_RUNPATH_SEARCH_PATHS = "$(inherited) @executable_path/Frameworks @loader_path/Frameworks";
				PRODUCT_BUNDLE_IDENTIFIER = my.scrollViewTests;
				PRODUCT_NAME = "$(TARGET_NAME)";
				TEST_HOST = "$(BUILT_PRODUCTS_DIR)/scrollView.app/scrollView";
			};
			name = Release;
		};
		1FB21E8F1CE9BB8E00240F32 /* Debug */ = {
			isa = XCBuildConfiguration;
			buildSettings = {
				INFOPLIST_FILE = scrollViewUITests/Info.plist;
				LD_RUNPATH_SEARCH_PATHS = "$(inherited) @executable_path/Frameworks @loader_path/Frameworks";
				PRODUCT_BUNDLE_IDENTIFIER = my.scrollViewUITests;
				PRODUCT_NAME = "$(TARGET_NAME)";
				TEST_TARGET_NAME = scrollView;
			};
			name = Debug;
		};
		1FB21E901CE9BB8E00240F32 /* Release */ = {
			isa = XCBuildConfiguration;
			buildSettings = {
				INFOPLIST_FILE = scrollViewUITests/Info.plist;
				LD_RUNPATH_SEARCH_PATHS = "$(inherited) @executable_path/Frameworks @loader_path/Frameworks";
				PRODUCT_BUNDLE_IDENTIFIER = my.scrollViewUITests;
				PRODUCT_NAME = "$(TARGET_NAME)";
				TEST_TARGET_NAME = scrollView;
			};
			name = Release;
		};
/* End XCBuildConfiguration section */

/* Begin XCConfigurationList section */
		1FB21E5B1CE9BB8D00240F32 /* Build configuration list for PBXProject "scrollView" */ = {
			isa = XCConfigurationList;
			buildConfigurations = (
				1FB21E861CE9BB8E00240F32 /* Debug */,
				1FB21E871CE9BB8E00240F32 /* Release */,
			);
			defaultConfigurationIsVisible = 0;
			defaultConfigurationName = Release;
		};
		1FB21E881CE9BB8E00240F32 /* Build configuration list for PBXNativeTarget "scrollView" */ = {
			isa = XCConfigurationList;
			buildConfigurations = (
				1FB21E891CE9BB8E00240F32 /* Debug */,
				1FB21E8A1CE9BB8E00240F32 /* Release */,
			);
			defaultConfigurationIsVisible = 0;
		};
		1FB21E8B1CE9BB8E00240F32 /* Build configuration list for PBXNativeTarget "scrollViewTests" */ = {
			isa = XCConfigurationList;
			buildConfigurations = (
				1FB21E8C1CE9BB8E00240F32 /* Debug */,
				1FB21E8D1CE9BB8E00240F32 /* Release */,
			);
			defaultConfigurationIsVisible = 0;
		};
		1FB21E8E1CE9BB8E00240F32 /* Build configuration list for PBXNativeTarget "scrollViewUITests" */ = {
			isa = XCConfigurationList;
			buildConfigurations = (
				1FB21E8F1CE9BB8E00240F32 /* Debug */,
				1FB21E901CE9BB8E00240F32 /* Release */,
			);
			defaultConfigurationIsVisible = 0;
		};
/* End XCConfigurationList section */
	};
	rootObject = 1FB21E581CE9BB8D00240F32 /* Project object */;
}
